{
  "name": "lab1",
  "lockfileVersion": 3,
  "requires": true,
  "packages": {
    "": {
      "dependencies": {
        "easy-intl": "^0.0.2"
      }
    },
    "node_modules/easy-intl": {
      "version": "0.0.2",
      "resolved": "https://registry.npmjs.org/easy-intl/-/easy-intl-0.0.2.tgz",
      "integrity": "sha512-H2xNDg11UiW4l2Ue+w5gDu5Cq4dBFWq6KxrpY0VLSWyUATi/SI3WIpjtqw+43WB4DIO+JvWMy6FZFKpwX8mIKA==",
      "deprecated": "Package no longer supported. Contact Support at https://www.npmjs.com/support for more info.",
      "license": "MIT"
    }
  }
}
