# THIS IS AN AUTOGENERATED FILE. DO NOT EDIT THIS FILE DIRECTLY.
# yarn lockfile v1


easy-intl@^0.0.2:
  version "0.0.2"
  resolved "https://registry.npmjs.org/easy-intl/-/easy-intl-0.0.2.tgz"
  integrity sha512-H2xNDg11UiW4l2Ue+w5gDu5Cq4dBFWq6KxrpY0VLSWyUATi/SI3WIpjtqw+43WB4DIO+JvWMy6FZFKpwX8mIKA==
