
Microsoft Visual Studio Solution File, Format Version 12.00
Project("{FAE04EC0-301F-11D3-BF4B-00C04F79EFBC}") = "proglangstask2", "proglangstask2\proglangstask2.csproj", "{DEBA2717-C5F7-4DDD-AEF6-CE434B9DA9EA}"
EndProject
Global
	GlobalSection(SolutionConfigurationPlatforms) = preSolution
		Debug|Any CPU = Debug|Any CPU
		Release|Any CPU = Release|Any CPU
	EndGlobalSection
	GlobalSection(ProjectConfigurationPlatforms) = postSolution
		{DEBA2717-C5F7-4DDD-AEF6-CE434B9DA9EA}.Debug|Any CPU.ActiveCfg = Debug|Any CPU
		{DEBA2717-C5F7-4DDD-AEF6-CE434B9DA9EA}.Debug|Any CPU.Build.0 = Debug|Any CPU
		{DEBA2717-C5F7-4DDD-AEF6-CE434B9DA9EA}.Release|Any CPU.ActiveCfg = Release|Any CPU
		{DEBA2717-C5F7-4DDD-AEF6-CE434B9DA9EA}.Release|Any CPU.Build.0 = Release|Any CPU
	EndGlobalSection
EndGlobal
